{
  "name": "travel-site-clone",
  "version": "1.0.0",
  "lockfileVersion": 1,
  "requires": true,
  "dependencies": {
    "jquery": {
      "version": "2.2.3",
      "resolved": "https://registry.npmjs.org/jquery/-/jquery-2.2.3.tgz",
      "integrity": "sha1-ReB+QZAzTeNsnhpktDsfE3PZF1g="
    },
    "normalize.css": {
      "version": "4.1.1",
      "resolved": "https://registry.npmjs.org/normalize.css/-/normalize.css-4.1.1.tgz",
      "integrity": "sha1-TwsdWiNTgyUrBNhWa4Zsxfytnww="
    }
  }
}
